
Microsoft Visual Studio Solution File, Format Version 12.00
# Visual Studio 15
VisualStudioVersion = 15.0.28307.329
MinimumVisualStudioVersion = 10.0.40219.1
Project("{F184B08F-C81C-45F6-A57F-5ABD9991F28F}") = "Taschenrechner", "Taschenrechner\Taschenrechner.vbproj", "{8E3354AA-43CB-455C-B616-24143E573822}"
EndProject
Project("{F184B08F-C81C-45F6-A57F-5ABD9991F28F}") = "Zahlenratespiel", "Zahlenratespiel\Zahlenratespiel.vbproj", "{3B2F39AB-7BF7-4195-9C00-FB977A588EF1}"
EndProject
Project("{F184B08F-C81C-45F6-A57F-5ABD9991F28F}") = "TaschenrechnerGrafisch", "TaschenrechnerGrafisch\TaschenrechnerGrafisch.vbproj", "{3CF96B48-3284-400C-86C6-F73E86AC99EB}"
EndProject
Project("{F184B08F-C81C-45F6-A57F-5ABD9991F28F}") = "Hangman", "Hangman\Hangman.vbproj", "{16751BDC-A3F2-4281-B6B7-7C396115411D}"
EndProject
Project("{F184B08F-C81C-45F6-A57F-5ABD9991F28F}") = "Wahrheitswerte", "Wahrheitswerte\Wahrheitswerte.vbproj", "{138BCF61-A462-46F9-8F14-78A90D534CA7}"
EndProject
Project("{F184B08F-C81C-45F6-A57F-5ABD9991F28F}") = "FunktionenUndMethoden", "FunktionenUndMethoden\FunktionenUndMethoden.vbproj", "{B4DD6E27-AC72-4EFD-A790-4144422404DE}"
EndProject
Project("{F184B08F-C81C-45F6-A57F-5ABD9991F28F}") = "Spielerein", "Spielerein\Spielerein.vbproj", "{F7C1F6BC-7F71-4357-831A-C34E2069AC0E}"
EndProject
Project("{F184B08F-C81C-45F6-A57F-5ABD9991F28F}") = "RandomPasswort", "RandomPasswort\RandomPasswort.vbproj", "{CA24AD39-2BA6-46F7-BF8F-F0320D53CA71}"
EndProject
Project("{F184B08F-C81C-45F6-A57F-5ABD9991F28F}") = "random", "random\random.vbproj", "{8082D3D1-C314-4242-9810-ACBB7C69A6C2}"
EndProject
Project("{F184B08F-C81C-45F6-A57F-5ABD9991F28F}") = "test2", "test2\test2.vbproj", "{A13455CB-CC30-425C-8DBE-E2B37CC169FF}"
EndProject
Global
	GlobalSection(SolutionConfigurationPlatforms) = preSolution
		Debug|Any CPU = Debug|Any CPU
		Release|Any CPU = Release|Any CPU
	EndGlobalSection
	GlobalSection(ProjectConfigurationPlatforms) = postSolution
		{8E3354AA-43CB-455C-B616-24143E573822}.Debug|Any CPU.ActiveCfg = Debug|Any CPU
		{8E3354AA-43CB-455C-B616-24143E573822}.Debug|Any CPU.Build.0 = Debug|Any CPU
		{8E3354AA-43CB-455C-B616-24143E573822}.Release|Any CPU.ActiveCfg = Release|Any CPU
		{8E3354AA-43CB-455C-B616-24143E573822}.Release|Any CPU.Build.0 = Release|Any CPU
		{3B2F39AB-7BF7-4195-9C00-FB977A588EF1}.Debug|Any CPU.ActiveCfg = Debug|Any CPU
		{3B2F39AB-7BF7-4195-9C00-FB977A588EF1}.Debug|Any CPU.Build.0 = Debug|Any CPU
		{3B2F39AB-7BF7-4195-9C00-FB977A588EF1}.Release|Any CPU.ActiveCfg = Release|Any CPU
		{3B2F39AB-7BF7-4195-9C00-FB977A588EF1}.Release|Any CPU.Build.0 = Release|Any CPU
		{3CF96B48-3284-400C-86C6-F73E86AC99EB}.Debug|Any CPU.ActiveCfg = Debug|Any CPU
		{3CF96B48-3284-400C-86C6-F73E86AC99EB}.Debug|Any CPU.Build.0 = Debug|Any CPU
		{3CF96B48-3284-400C-86C6-F73E86AC99EB}.Release|Any CPU.ActiveCfg = Release|Any CPU
		{3CF96B48-3284-400C-86C6-F73E86AC99EB}.Release|Any CPU.Build.0 = Release|Any CPU
		{16751BDC-A3F2-4281-B6B7-7C396115411D}.Debug|Any CPU.ActiveCfg = Debug|Any CPU
		{16751BDC-A3F2-4281-B6B7-7C396115411D}.Debug|Any CPU.Build.0 = Debug|Any CPU
		{16751BDC-A3F2-4281-B6B7-7C396115411D}.Release|Any CPU.ActiveCfg = Release|Any CPU
		{16751BDC-A3F2-4281-B6B7-7C396115411D}.Release|Any CPU.Build.0 = Release|Any CPU
		{138BCF61-A462-46F9-8F14-78A90D534CA7}.Debug|Any CPU.ActiveCfg = Debug|Any CPU
		{138BCF61-A462-46F9-8F14-78A90D534CA7}.Debug|Any CPU.Build.0 = Debug|Any CPU
		{138BCF61-A462-46F9-8F14-78A90D534CA7}.Release|Any CPU.ActiveCfg = Release|Any CPU
		{138BCF61-A462-46F9-8F14-78A90D534CA7}.Release|Any CPU.Build.0 = Release|Any CPU
		{B4DD6E27-AC72-4EFD-A790-4144422404DE}.Debug|Any CPU.ActiveCfg = Debug|Any CPU
		{B4DD6E27-AC72-4EFD-A790-4144422404DE}.Debug|Any CPU.Build.0 = Debug|Any CPU
		{B4DD6E27-AC72-4EFD-A790-4144422404DE}.Release|Any CPU.ActiveCfg = Release|Any CPU
		{B4DD6E27-AC72-4EFD-A790-4144422404DE}.Release|Any CPU.Build.0 = Release|Any CPU
		{F7C1F6BC-7F71-4357-831A-C34E2069AC0E}.Debug|Any CPU.ActiveCfg = Debug|Any CPU
		{F7C1F6BC-7F71-4357-831A-C34E2069AC0E}.Debug|Any CPU.Build.0 = Debug|Any CPU
		{F7C1F6BC-7F71-4357-831A-C34E2069AC0E}.Release|Any CPU.ActiveCfg = Release|Any CPU
		{F7C1F6BC-7F71-4357-831A-C34E2069AC0E}.Release|Any CPU.Build.0 = Release|Any CPU
		{CA24AD39-2BA6-46F7-BF8F-F0320D53CA71}.Debug|Any CPU.ActiveCfg = Debug|Any CPU
		{CA24AD39-2BA6-46F7-BF8F-F0320D53CA71}.Debug|Any CPU.Build.0 = Debug|Any CPU
		{CA24AD39-2BA6-46F7-BF8F-F0320D53CA71}.Release|Any CPU.ActiveCfg = Release|Any CPU
		{CA24AD39-2BA6-46F7-BF8F-F0320D53CA71}.Release|Any CPU.Build.0 = Release|Any CPU
		{8082D3D1-C314-4242-9810-ACBB7C69A6C2}.Debug|Any CPU.ActiveCfg = Debug|Any CPU
		{8082D3D1-C314-4242-9810-ACBB7C69A6C2}.Debug|Any CPU.Build.0 = Debug|Any CPU
		{8082D3D1-C314-4242-9810-ACBB7C69A6C2}.Release|Any CPU.ActiveCfg = Release|Any CPU
		{8082D3D1-C314-4242-9810-ACBB7C69A6C2}.Release|Any CPU.Build.0 = Release|Any CPU
		{A13455CB-CC30-425C-8DBE-E2B37CC169FF}.Debug|Any CPU.ActiveCfg = Debug|Any CPU
		{A13455CB-CC30-425C-8DBE-E2B37CC169FF}.Debug|Any CPU.Build.0 = Debug|Any CPU
		{A13455CB-CC30-425C-8DBE-E2B37CC169FF}.Release|Any CPU.ActiveCfg = Release|Any CPU
		{A13455CB-CC30-425C-8DBE-E2B37CC169FF}.Release|Any CPU.Build.0 = Release|Any CPU
	EndGlobalSection
	GlobalSection(SolutionProperties) = preSolution
		HideSolutionNode = FALSE
	EndGlobalSection
	GlobalSection(ExtensibilityGlobals) = postSolution
		SolutionGuid = {0C5B14A4-732C-4886-9198-27D0B015EC1A}
	EndGlobalSection
EndGlobal
